
Microsoft Visual Studio Solution File, Format Version 12.00
# Visual Studio Version 17
VisualStudioVersion = 17.2.32519.379
MinimumVisualStudioVersion = 10.0.40219.1
Project("{FAE04EC0-301F-11D3-BF4B-00C04F79EFBC}") = "network", "network\network.csproj", "{01718690-8BD3-426E-B27F-99A790DC3862}"
EndProject
Global
	GlobalSection(SolutionConfigurationPlatforms) = preSolution
		Debug|Any CPU = Debug|Any CPU
		Release|Any CPU = Release|Any CPU
	EndGlobalSection
	GlobalSection(ProjectConfigurationPlatforms) = postSolution
		{01718690-8BD3-426E-B27F-99A790DC3862}.Debug|Any CPU.ActiveCfg = Debug|Any CPU
		{01718690-8BD3-426E-B27F-99A790DC3862}.Debug|Any CPU.Build.0 = Debug|Any CPU
		{01718690-8BD3-426E-B27F-99A790DC3862}.Release|Any CPU.ActiveCfg = Release|Any CPU
		{01718690-8BD3-426E-B27F-99A790DC3862}.Release|Any CPU.Build.0 = Release|Any CPU
	EndGlobalSection
	GlobalSection(SolutionProperties) = preSolution
		HideSolutionNode = FALSE
	EndGlobalSection
	GlobalSection(ExtensibilityGlobals) = postSolution
		SolutionGuid = {A9A7FA3E-E02A-4074-8223-F15E02540FBA}
	EndGlobalSection
EndGlobal
