
Microsoft Visual Studio Solution File, Format Version 12.00
# Visual Studio Version 17
VisualStudioVersion = 17.2.32516.85
MinimumVisualStudioVersion = 10.0.40219.1
Project("{FAE04EC0-301F-11D3-BF4B-00C04F79EFBC}") = "WinFormsApp2", "WinFormsApp2\WinFormsApp2.csproj", "{BD054370-AD40-454B-A76E-BD6E461C1389}"
EndProject
Global
	GlobalSection(SolutionConfigurationPlatforms) = preSolution
		Debug|Any CPU = Debug|Any CPU
		Release|Any CPU = Release|Any CPU
	EndGlobalSection
	GlobalSection(ProjectConfigurationPlatforms) = postSolution
		{BD054370-AD40-454B-A76E-BD6E461C1389}.Debug|Any CPU.ActiveCfg = Debug|Any CPU
		{BD054370-AD40-454B-A76E-BD6E461C1389}.Debug|Any CPU.Build.0 = Debug|Any CPU
		{BD054370-AD40-454B-A76E-BD6E461C1389}.Release|Any CPU.ActiveCfg = Release|Any CPU
		{BD054370-AD40-454B-A76E-BD6E461C1389}.Release|Any CPU.Build.0 = Release|Any CPU
	EndGlobalSection
	GlobalSection(SolutionProperties) = preSolution
		HideSolutionNode = FALSE
	EndGlobalSection
	GlobalSection(ExtensibilityGlobals) = postSolution
		SolutionGuid = {65EB530F-6F4B-4C47-AC98-D855FBEAB7E2}
	EndGlobalSection
EndGlobal
