
Microsoft Visual Studio Solution File, Format Version 12.00
# Visual Studio Version 17
VisualStudioVersion = 17.2.32519.379
MinimumVisualStudioVersion = 10.0.40219.1
Project("{FAE04EC0-301F-11D3-BF4B-00C04F79EFBC}") = "pingg", "pingg\pingg.csproj", "{94C1D6EB-7726-47F9-8C95-A0320920C904}"
EndProject
Global
	GlobalSection(SolutionConfigurationPlatforms) = preSolution
		Debug|Any CPU = Debug|Any CPU
		Release|Any CPU = Release|Any CPU
	EndGlobalSection
	GlobalSection(ProjectConfigurationPlatforms) = postSolution
		{94C1D6EB-7726-47F9-8C95-A0320920C904}.Debug|Any CPU.ActiveCfg = Debug|Any CPU
		{94C1D6EB-7726-47F9-8C95-A0320920C904}.Debug|Any CPU.Build.0 = Debug|Any CPU
		{94C1D6EB-7726-47F9-8C95-A0320920C904}.Release|Any CPU.ActiveCfg = Release|Any CPU
		{94C1D6EB-7726-47F9-8C95-A0320920C904}.Release|Any CPU.Build.0 = Release|Any CPU
	EndGlobalSection
	GlobalSection(SolutionProperties) = preSolution
		HideSolutionNode = FALSE
	EndGlobalSection
	GlobalSection(ExtensibilityGlobals) = postSolution
		SolutionGuid = {C45E424D-81EA-49BD-AE90-5A917BF10843}
	EndGlobalSection
EndGlobal
